
Microsoft Visual Studio Solution File, Format Version 12.00
# Visual Studio Version 16
VisualStudioVersion = 16.0.31729.503
MinimumVisualStudioVersion = 10.0.40219.1
Project("{FAE04EC0-301F-11D3-BF4B-00C04F79EFBC}") = "GCD Calculator", "GCD Calculator\GCD Calculator.csproj", "{14D3FDFB-3C61-47B6-A293-CC789EA37DC9}"
EndProject
Global
	GlobalSection(SolutionConfigurationPlatforms) = preSolution
		Debug|Any CPU = Debug|Any CPU
		Release|Any CPU = Release|Any CPU
	EndGlobalSection
	GlobalSection(ProjectConfigurationPlatforms) = postSolution
		{14D3FDFB-3C61-47B6-A293-CC789EA37DC9}.Debug|Any CPU.ActiveCfg = Debug|Any CPU
		{14D3FDFB-3C61-47B6-A293-CC789EA37DC9}.Debug|Any CPU.Build.0 = Debug|Any CPU
		{14D3FDFB-3C61-47B6-A293-CC789EA37DC9}.Release|Any CPU.ActiveCfg = Release|Any CPU
		{14D3FDFB-3C61-47B6-A293-CC789EA37DC9}.Release|Any CPU.Build.0 = Release|Any CPU
	EndGlobalSection
	GlobalSection(SolutionProperties) = preSolution
		HideSolutionNode = FALSE
	EndGlobalSection
	GlobalSection(ExtensibilityGlobals) = postSolution
		SolutionGuid = {FDFE417F-3D1E-4563-9AC2-5B9811F26336}
	EndGlobalSection
EndGlobal
